{
  "name": "use-package-hello-world-by-mahesh",
  "version": "1.0.0",
  "lockfileVersion": 1,
  "requires": true,
  "dependencies": {
    "hello-world-by-mahesh": {
      "version": "1.0.1",
      "resolved": "https://registry.npmjs.org/hello-world-by-mahesh/-/hello-world-by-mahesh-1.0.1.tgz",
      "integrity": "sha512-WRH3ux869bUAPxUEUrrqscXfkTf3DeKHfYRwS4KL/z26WLeBHd/9Fv+XBN86HP9/dfC+gzcN2wRWMINQQNSXuA=="
    }
  }
}
